
Microsoft Visual Studio Solution File, Format Version 12.00
# Visual Studio Version 16
VisualStudioVersion = 16.0.31729.503
MinimumVisualStudioVersion = 10.0.40219.1
Project("{9A19103F-16F7-4668-BE54-9A1E7A4F7556}") = "Product_Management_using_BSTree", "Product_Management_using_BSTree.csproj", "{9F4BC35B-544D-4B2D-ADAA-FAE1BC492F97}"
EndProject
Global
	GlobalSection(SolutionConfigurationPlatforms) = preSolution
		Debug|Any CPU = Debug|Any CPU
		Release|Any CPU = Release|Any CPU
	EndGlobalSection
	GlobalSection(ProjectConfigurationPlatforms) = postSolution
		{9F4BC35B-544D-4B2D-ADAA-FAE1BC492F97}.Debug|Any CPU.ActiveCfg = Debug|Any CPU
		{9F4BC35B-544D-4B2D-ADAA-FAE1BC492F97}.Debug|Any CPU.Build.0 = Debug|Any CPU
		{9F4BC35B-544D-4B2D-ADAA-FAE1BC492F97}.Release|Any CPU.ActiveCfg = Release|Any CPU
		{9F4BC35B-544D-4B2D-ADAA-FAE1BC492F97}.Release|Any CPU.Build.0 = Release|Any CPU
	EndGlobalSection
	GlobalSection(SolutionProperties) = preSolution
		HideSolutionNode = FALSE
	EndGlobalSection
	GlobalSection(ExtensibilityGlobals) = postSolution
		SolutionGuid = {1ABDE1EA-3765-4503-8B8D-3778CAEA6BF5}
	EndGlobalSection
EndGlobal
